{
  "name": "omni-rag",
  "lockfileVersion": 3,
  "requires": true,
  "packages": {
    "": {
      "dependencies": {
        "ccstatusline": "^2.2.7"
      }
    },
    "node_modules/ccstatusline": {
      "version": "2.2.7",
      "resolved": "https://registry.npmjs.org/ccstatusline/-/ccstatusline-2.2.7.tgz",
      "integrity": "sha512-wg48aHXy6g1s2DZEfi73kb0uYRqnM5JqG0DcIT9/ICrFlxtRUCuNAuQ3VFilTE1yL9xEiPcu/n3qVdu7a9Lk5Q==",
      "license": "MIT",
      "bin": {
        "ccstatusline": "dist/ccstatusline.js"
      },
      "engines": {
        "node": ">=14.0.0"
      }
    }
  }
}
